// !$*UTF8*$!
{
	archiveVersion = 1;
	classes = {
	};
	objectVersion = 46;
	objects = {

/* Begin PBXBuildFile section */
		690A96DF177E9CAF0025A94E /* UIKit.framework in Frameworks */ = {isa = PBXBuildFile; fileRef = 690A96DE177E9CAF0025A94E /* UIKit.framework */; };
		690A96E1177E9CAF0025A94E /* Foundation.framework in Frameworks */ = {isa = PBXBuildFile; fileRef = 690A96E0177E9CAF0025A94E /* Foundation.framework */; };
		690A96E3177E9CAF0025A94E /* CoreGraphics.framework in Frameworks */ = {isa = PBXBuildFile; fileRef = 690A96E2177E9CAF0025A94E /* CoreGraphics.framework */; };
		690A96F1177E9CAF0025A94E /* Default.png in Resources */ = {isa = PBXBuildFile; fileRef = 690A96F0177E9CAF0025A94E /* Default.png */; };
		690A96F3177E9CAF0025A94E /* Default@2x.png in Resources */ = {isa = PBXBuildFile; fileRef = 690A96F2177E9CAF0025A94E /* Default@2x.png */; };
		690A96F5177E9CAF0025A94E /* Default-568h@2x.png in Resources */ = {isa = PBXBuildFile; fileRef = 690A96F4177E9CAF0025A94E /* Default-568h@2x.png */; };
		690A970E178000070025A94E /* QuartzCore.framework in Frameworks */ = {isa = PBXBuildFile; fileRef = 690A970D178000070025A94E /* QuartzCore.framework */; };
		692C05801791C6310082C2F4 /* Defaults copy.plist in Resources */ = {isa = PBXBuildFile; fileRef = 692C057E1791C6310082C2F4 /* Defaults copy.plist */; };
		692C05811791C6310082C2F4 /* Defaults.plist in Resources */ = {isa = PBXBuildFile; fileRef = 692C057F1791C6310082C2F4 /* Defaults.plist */; };
		692C05871791C6650082C2F4 /* MedicalInfoViewController.m in Sources */ = {isa = PBXBuildFile; fileRef = 692C05821791C6650082C2F4 /* MedicalInfoViewController.m */; };
		692C05881791C6650082C2F4 /* PersonalInfoViewController.m in Sources */ = {isa = PBXBuildFile; fileRef = 692C05841791C6650082C2F4 /* PersonalInfoViewController.m */; };
		692C05921791C6EC0082C2F4 /* ICEViewController.m in Sources */ = {isa = PBXBuildFile; fileRef = 692C058B1791C6EC0082C2F4 /* ICEViewController.m */; };
		692C05931791C6EC0082C2F4 /* MenuViewController.m in Sources */ = {isa = PBXBuildFile; fileRef = 692C058D1791C6EC0082C2F4 /* MenuViewController.m */; };
		692C05941791C6EC0082C2F4 /* SettingsViewController.m in Sources */ = {isa = PBXBuildFile; fileRef = 692C058E1791C6EC0082C2F4 /* SettingsViewController.m */; };
		692C05951791C6EC0082C2F4 /* DetailViewController.m in Sources */ = {isa = PBXBuildFile; fileRef = 692C05911791C6EC0082C2F4 /* DetailViewController.m */; };
		692C059C1791C72D0082C2F4 /* MedicalDetailViewController.m in Sources */ = {isa = PBXBuildFile; fileRef = 692C05961791C72D0082C2F4 /* MedicalDetailViewController.m */; };
		692C059D1791C72D0082C2F4 /* ICEDetailViewController.m in Sources */ = {isa = PBXBuildFile; fileRef = 692C05971791C72D0082C2F4 /* ICEDetailViewController.m */; };
		692C059E1791C72D0082C2F4 /* ICEDetailTableCell.m in Sources */ = {isa = PBXBuildFile; fileRef = 692C05981791C72D0082C2F4 /* ICEDetailTableCell.m */; };
		692C05A91791C7770082C2F4 /* EmergencyLoading.png in Resources */ = {isa = PBXBuildFile; fileRef = 692C059F1791C7770082C2F4 /* EmergencyLoading.png */; };
		692C05AA1791C7770082C2F4 /* EmergencyLoading@2x.png in Resources */ = {isa = PBXBuildFile; fileRef = 692C05A01791C7770082C2F4 /* EmergencyLoading@2x.png */; };
		692C05AB1791C7770082C2F4 /* EmergencyLoading-568@2x.png in Resources */ = {isa = PBXBuildFile; fileRef = 692C05A11791C7770082C2F4 /* EmergencyLoading-568@2x.png */; };
		692C05AC1791C7770082C2F4 /* tableBackground.jpg in Resources */ = {isa = PBXBuildFile; fileRef = 692C05A21791C7770082C2F4 /* tableBackground.jpg */; };
		692C05AD1791C7770082C2F4 /* CalmBackground.png in Resources */ = {isa = PBXBuildFile; fileRef = 692C05A31791C7770082C2F4 /* CalmBackground.png */; };
		692C05AE1791C7770082C2F4 /* CalmBackground@2x.png in Resources */ = {isa = PBXBuildFile; fileRef = 692C05A41791C7770082C2F4 /* CalmBackground@2x.png */; };
		692C05AF1791C7770082C2F4 /* CalmBackground-568@2x.png in Resources */ = {isa = PBXBuildFile; fileRef = 692C05A51791C7770082C2F4 /* CalmBackground-568@2x.png */; };
		692C05B01791C7770082C2F4 /* Fire.png in Resources */ = {isa = PBXBuildFile; fileRef = 692C05A61791C7770082C2F4 /* Fire.png */; };
		692C05B11791C7770082C2F4 /* Fire@2x.png in Resources */ = {isa = PBXBuildFile; fileRef = 692C05A71791C7770082C2F4 /* Fire@2x.png */; };
		692C05B21791C7770082C2F4 /* tab_bg.png in Resources */ = {isa = PBXBuildFile; fileRef = 692C05A81791C7770082C2F4 /* tab_bg.png */; };
		692C05B51791C7A30082C2F4 /* AppDelegate.m in Sources */ = {isa = PBXBuildFile; fileRef = 692C05B41791C7A30082C2F4 /* AppDelegate.m */; };
		692C05BE1791C7B90082C2F4 /* Common.m in Sources */ = {isa = PBXBuildFile; fileRef = 692C05B71791C7B90082C2F4 /* Common.m */; };
		692C05BF1791C7B90082C2F4 /* CustomCellBackground.m in Sources */ = {isa = PBXBuildFile; fileRef = 692C05B91791C7B90082C2F4 /* CustomCellBackground.m */; };
		692C05C01791C7B90082C2F4 /* CustomFooter.m in Sources */ = {isa = PBXBuildFile; fileRef = 692C05BB1791C7B90082C2F4 /* CustomFooter.m */; };
		692C05C11791C7B90082C2F4 /* CustomHeader.m in Sources */ = {isa = PBXBuildFile; fileRef = 692C05BD1791C7B90082C2F4 /* CustomHeader.m */; };
		692C05C81791C7DF0082C2F4 /* Default-568h@2x.png in Resources */ = {isa = PBXBuildFile; fileRef = 692C05C21791C7DF0082C2F4 /* Default-568h@2x.png */; };
		692C05C91791C7DF0082C2F4 /* Default.png in Resources */ = {isa = PBXBuildFile; fileRef = 692C05C31791C7DF0082C2F4 /* Default.png */; };
		692C05CA1791C7DF0082C2F4 /* Default@2x.png in Resources */ = {isa = PBXBuildFile; fileRef = 692C05C41791C7DF0082C2F4 /* Default@2x.png */; };
		692C05CB1791C7DF0082C2F4 /* main.m in Sources */ = {isa = PBXBuildFile; fileRef = 692C05C51791C7DF0082C2F4 /* main.m */; };
		692C05CC1791C7DF0082C2F4 /* Smart Alert-Info.plist in Resources */ = {isa = PBXBuildFile; fileRef = 692C05C61791C7DF0082C2F4 /* Smart Alert-Info.plist */; };
		692C05D21791C8760082C2F4 /* InfoPlist.strings in Resources */ = {isa = PBXBuildFile; fileRef = 692C05D01791C8760082C2F4 /* InfoPlist.strings */; };
		692C05D51791C8830082C2F4 /* MainStoryboard.storyboard in Resources */ = {isa = PBXBuildFile; fileRef = 692C05D31791C8830082C2F4 /* MainStoryboard.storyboard */; };
/* End PBXBuildFile section */

/* Begin PBXFileReference section */
		690A96DB177E9CAF0025A94E /* Smart Alert.app */ = {isa = PBXFileReference; explicitFileType = wrapper.application; includeInIndex = 0; path = "Smart Alert.app"; sourceTree = BUILT_PRODUCTS_DIR; };
		690A96DE177E9CAF0025A94E /* UIKit.framework */ = {isa = PBXFileReference; lastKnownFileType = wrapper.framework; name = UIKit.framework; path = System/Library/Frameworks/UIKit.framework; sourceTree = SDKROOT; };
		690A96E0177E9CAF0025A94E /* Foundation.framework */ = {isa = PBXFileReference; lastKnownFileType = wrapper.framework; name = Foundation.framework; path = System/Library/Frameworks/Foundation.framework; sourceTree = SDKROOT; };
		690A96E2177E9CAF0025A94E /* CoreGraphics.framework */ = {isa = PBXFileReference; lastKnownFileType = wrapper.framework; name = CoreGraphics.framework; path = System/Library/Frameworks/CoreGraphics.framework; sourceTree = SDKROOT; };
		690A96F0177E9CAF0025A94E /* Default.png */ = {isa = PBXFileReference; lastKnownFileType = image.png; path = Default.png; sourceTree = "<group>"; };
		690A96F2177E9CAF0025A94E /* Default@2x.png */ = {isa = PBXFileReference; lastKnownFileType = image.png; path = "Default@2x.png"; sourceTree = "<group>"; };
		690A96F4177E9CAF0025A94E /* Default-568h@2x.png */ = {isa = PBXFileReference; lastKnownFileType = image.png; path = "Default-568h@2x.png"; sourceTree = "<group>"; };
		690A970D178000070025A94E /* QuartzCore.framework */ = {isa = PBXFileReference; lastKnownFileType = wrapper.framework; name = QuartzCore.framework; path = System/Library/Frameworks/QuartzCore.framework; sourceTree = SDKROOT; };
		692C057E1791C6310082C2F4 /* Defaults copy.plist */ = {isa = PBXFileReference; fileEncoding = 4; lastKnownFileType = text.plist.xml; name = "Defaults copy.plist"; path = "Smart Alert/Defaults copy.plist"; sourceTree = SOURCE_ROOT; };
		692C057F1791C6310082C2F4 /* Defaults.plist */ = {isa = PBXFileReference; fileEncoding = 4; lastKnownFileType = text.plist.xml; name = Defaults.plist; path = "Smart Alert/Defaults.plist"; sourceTree = SOURCE_ROOT; };
		692C05821791C6650082C2F4 /* MedicalInfoViewController.m */ = {isa = PBXFileReference; fileEncoding = 4; lastKnownFileType = sourcecode.c.objc; name = MedicalInfoViewController.m; path = "Smart Alert/MedicalInfoViewController.m"; sourceTree = SOURCE_ROOT; };
		692C05831791C6650082C2F4 /* MedicalInfoViewController.h */ = {isa = PBXFileReference; fileEncoding = 4; lastKnownFileType = sourcecode.c.h; name = MedicalInfoViewController.h; path = "Smart Alert/MedicalInfoViewController.h"; sourceTree = SOURCE_ROOT; };
		692C05841791C6650082C2F4 /* PersonalInfoViewController.m */ = {isa = PBXFileReference; fileEncoding = 4; lastKnownFileType = sourcecode.c.objc; name = PersonalInfoViewController.m; path = "Smart Alert/PersonalInfoViewController.m"; sourceTree = SOURCE_ROOT; };
		692C05851791C6650082C2F4 /* PersonalInfoViewController.h */ = {isa = PBXFileReference; fileEncoding = 4; lastKnownFileType = sourcecode.c.h; name = PersonalInfoViewController.h; path = "Smart Alert/PersonalInfoViewController.h"; sourceTree = SOURCE_ROOT; };
		692C058A1791C6EC0082C2F4 /* MenuViewController.h */ = {isa = PBXFileReference; fileEncoding = 4; lastKnownFileType = sourcecode.c.h; name = MenuViewController.h; path = "Smart Alert/MenuViewController.h"; sourceTree = SOURCE_ROOT; };
		692C058B1791C6EC0082C2F4 /* ICEViewController.m */ = {isa = PBXFileReference; fileEncoding = 4; lastKnownFileType = sourcecode.c.objc; name = ICEViewController.m; path = "Smart Alert/ICEViewController.m"; sourceTree = SOURCE_ROOT; };
		692C058C1791C6EC0082C2F4 /* ICEViewController.h */ = {isa = PBXFileReference; fileEncoding = 4; lastKnownFileType = sourcecode.c.h; name = ICEViewController.h; path = "Smart Alert/ICEViewController.h"; sourceTree = SOURCE_ROOT; };
		692C058D1791C6EC0082C2F4 /* MenuViewController.m */ = {isa = PBXFileReference; fileEncoding = 4; lastKnownFileType = sourcecode.c.objc; name = MenuViewController.m; path = "Smart Alert/MenuViewController.m"; sourceTree = SOURCE_ROOT; };
		692C058E1791C6EC0082C2F4 /* SettingsViewController.m */ = {isa = PBXFileReference; fileEncoding = 4; lastKnownFileType = sourcecode.c.objc; name = SettingsViewController.m; path = "Smart Alert/SettingsViewController.m"; sourceTree = SOURCE_ROOT; };
		692C058F1791C6EC0082C2F4 /* SettingsViewController.h */ = {isa = PBXFileReference; fileEncoding = 4; lastKnownFileType = sourcecode.c.h; name = SettingsViewController.h; path = "Smart Alert/SettingsViewController.h"; sourceTree = SOURCE_ROOT; };
		692C05901791C6EC0082C2F4 /* DetailViewController.h */ = {isa = PBXFileReference; fileEncoding = 4; lastKnownFileType = sourcecode.c.h; name = DetailViewController.h; path = "Smart Alert/DetailViewController.h"; sourceTree = SOURCE_ROOT; };
		692C05911791C6EC0082C2F4 /* DetailViewController.m */ = {isa = PBXFileReference; fileEncoding = 4; lastKnownFileType = sourcecode.c.objc; name = DetailViewController.m; path = "Smart Alert/DetailViewController.m"; sourceTree = SOURCE_ROOT; };
		692C05961791C72D0082C2F4 /* MedicalDetailViewController.m */ = {isa = PBXFileReference; fileEncoding = 4; lastKnownFileType = sourcecode.c.objc; name = MedicalDetailViewController.m; path = "Smart Alert/MedicalDetailViewController.m"; sourceTree = SOURCE_ROOT; };
		692C05971791C72D0082C2F4 /* ICEDetailViewController.m */ = {isa = PBXFileReference; fileEncoding = 4; lastKnownFileType = sourcecode.c.objc; name = ICEDetailViewController.m; path = "Smart Alert/ICEDetailViewController.m"; sourceTree = SOURCE_ROOT; };
		692C05981791C72D0082C2F4 /* ICEDetailTableCell.m */ = {isa = PBXFileReference; fileEncoding = 4; lastKnownFileType = sourcecode.c.objc; name = ICEDetailTableCell.m; path = "Smart Alert/ICEDetailTableCell.m"; sourceTree = SOURCE_ROOT; };
		692C05991791C72D0082C2F4 /* ICEDetailTableCell.h */ = {isa = PBXFileReference; fileEncoding = 4; lastKnownFileType = sourcecode.c.h; name = ICEDetailTableCell.h; path = "Smart Alert/ICEDetailTableCell.h"; sourceTree = SOURCE_ROOT; };
		692C059A1791C72D0082C2F4 /* ICEDetailViewController.h */ = {isa = PBXFileReference; fileEncoding = 4; lastKnownFileType = sourcecode.c.h; name = ICEDetailViewController.h; path = "Smart Alert/ICEDetailViewController.h"; sourceTree = SOURCE_ROOT; };
		692C059B1791C72D0082C2F4 /* MedicalDetailViewController.h */ = {isa = PBXFileReference; fileEncoding = 4; lastKnownFileType = sourcecode.c.h; name = MedicalDetailViewController.h; path = "Smart Alert/MedicalDetailViewController.h"; sourceTree = SOURCE_ROOT; };
		692C059F1791C7770082C2F4 /* EmergencyLoading.png */ = {isa = PBXFileReference; lastKnownFileType = image.png; name = EmergencyLoading.png; path = "Smart Alert/Images/EmergencyLoading.png"; sourceTree = SOURCE_ROOT; };
		692C05A01791C7770082C2F4 /* EmergencyLoading@2x.png */ = {isa = PBXFileReference; lastKnownFileType = image.png; name = "EmergencyLoading@2x.png"; path = "Smart Alert/Images/EmergencyLoading@2x.png"; sourceTree = SOURCE_ROOT; };
		692C05A11791C7770082C2F4 /* EmergencyLoading-568@2x.png */ = {isa = PBXFileReference; lastKnownFileType = image.png; name = "EmergencyLoading-568@2x.png"; path = "Smart Alert/Images/EmergencyLoading-568@2x.png"; sourceTree = SOURCE_ROOT; };
		692C05A21791C7770082C2F4 /* tableBackground.jpg */ = {isa = PBXFileReference; lastKnownFileType = image.jpeg; name = tableBackground.jpg; path = "Smart Alert/Images/tableBackground.jpg"; sourceTree = SOURCE_ROOT; };
		692C05A31791C7770082C2F4 /* CalmBackground.png */ = {isa = PBXFileReference; lastKnownFileType = image.png; name = CalmBackground.png; path = "Smart Alert/Images/CalmBackground.png"; sourceTree = SOURCE_ROOT; };
		692C05A41791C7770082C2F4 /* CalmBackground@2x.png */ = {isa = PBXFileReference; lastKnownFileType = image.png; name = "CalmBackground@2x.png"; path = "Smart Alert/Images/CalmBackground@2x.png"; sourceTree = SOURCE_ROOT; };
		692C05A51791C7770082C2F4 /* CalmBackground-568@2x.png */ = {isa = PBXFileReference; lastKnownFileType = image.png; name = "CalmBackground-568@2x.png"; path = "Smart Alert/Images/CalmBackground-568@2x.png"; sourceTree = SOURCE_ROOT; };
		692C05A61791C7770082C2F4 /* Fire.png */ = {isa = PBXFileReference; lastKnownFileType = image.png; name = Fire.png; path = "Smart Alert/Images/Fire.png"; sourceTree = SOURCE_ROOT; };
		692C05A71791C7770082C2F4 /* Fire@2x.png */ = {isa = PBXFileReference; lastKnownFileType = image.png; name = "Fire@2x.png"; path = "Smart Alert/Images/Fire@2x.png"; sourceTree = SOURCE_ROOT; };
		692C05A81791C7770082C2F4 /* tab_bg.png */ = {isa = PBXFileReference; lastKnownFileType = image.png; name = tab_bg.png; path = "Smart Alert/Images/tab_bg.png"; sourceTree = SOURCE_ROOT; };
		692C05B31791C7A30082C2F4 /* AppDelegate.h */ = {isa = PBXFileReference; fileEncoding = 4; lastKnownFileType = sourcecode.c.h; name = AppDelegate.h; path = "Smart Alert/AppDelegate.h"; sourceTree = SOURCE_ROOT; };
		692C05B41791C7A30082C2F4 /* AppDelegate.m */ = {isa = PBXFileReference; fileEncoding = 4; lastKnownFileType = sourcecode.c.objc; name = AppDelegate.m; path = "Smart Alert/AppDelegate.m"; sourceTree = SOURCE_ROOT; };
		692C05B61791C7B90082C2F4 /* Common.h */ = {isa = PBXFileReference; fileEncoding = 4; lastKnownFileType = sourcecode.c.h; name = Common.h; path = "Smart Alert/Common.h"; sourceTree = SOURCE_ROOT; };
		692C05B71791C7B90082C2F4 /* Common.m */ = {isa = PBXFileReference; fileEncoding = 4; lastKnownFileType = sourcecode.c.objc; name = Common.m; path = "Smart Alert/Common.m"; sourceTree = SOURCE_ROOT; };
		692C05B81791C7B90082C2F4 /* CustomCellBackground.h */ = {isa = PBXFileReference; fileEncoding = 4; lastKnownFileType = sourcecode.c.h; name = CustomCellBackground.h; path = "Smart Alert/CustomCellBackground.h"; sourceTree = SOURCE_ROOT; };
		692C05B91791C7B90082C2F4 /* CustomCellBackground.m */ = {isa = PBXFileReference; fileEncoding = 4; lastKnownFileType = sourcecode.c.objc; name = CustomCellBackground.m; path = "Smart Alert/CustomCellBackground.m"; sourceTree = SOURCE_ROOT; };
		692C05BA1791C7B90082C2F4 /* CustomFooter.h */ = {isa = PBXFileReference; fileEncoding = 4; lastKnownFileType = sourcecode.c.h; name = CustomFooter.h; path = "Smart Alert/CustomFooter.h"; sourceTree = SOURCE_ROOT; };
		692C05BB1791C7B90082C2F4 /* CustomFooter.m */ = {isa = PBXFileReference; fileEncoding = 4; lastKnownFileType = sourcecode.c.objc; name = CustomFooter.m; path = "Smart Alert/CustomFooter.m"; sourceTree = SOURCE_ROOT; };
		692C05BC1791C7B90082C2F4 /* CustomHeader.h */ = {isa = PBXFileReference; fileEncoding = 4; lastKnownFileType = sourcecode.c.h; name = CustomHeader.h; path = "Smart Alert/CustomHeader.h"; sourceTree = SOURCE_ROOT; };
		692C05BD1791C7B90082C2F4 /* CustomHeader.m */ = {isa = PBXFileReference; fileEncoding = 4; lastKnownFileType = sourcecode.c.objc; name = CustomHeader.m; path = "Smart Alert/CustomHeader.m"; sourceTree = SOURCE_ROOT; };
		692C05C21791C7DF0082C2F4 /* Default-568h@2x.png */ = {isa = PBXFileReference; lastKnownFileType = image.png; name = "Default-568h@2x.png"; path = "Smart Alert/Default-568h@2x.png"; sourceTree = SOURCE_ROOT; };
		692C05C31791C7DF0082C2F4 /* Default.png */ = {isa = PBXFileReference; lastKnownFileType = image.png; name = Default.png; path = "Smart Alert/Default.png"; sourceTree = SOURCE_ROOT; };
		692C05C41791C7DF0082C2F4 /* Default@2x.png */ = {isa = PBXFileReference; lastKnownFileType = image.png; name = "Default@2x.png"; path = "Smart Alert/Default@2x.png"; sourceTree = SOURCE_ROOT; };
		692C05C51791C7DF0082C2F4 /* main.m */ = {isa = PBXFileReference; fileEncoding = 4; lastKnownFileType = sourcecode.c.objc; name = main.m; path = "Smart Alert/main.m"; sourceTree = SOURCE_ROOT; };
		692C05C61791C7DF0082C2F4 /* Smart Alert-Info.plist */ = {isa = PBXFileReference; fileEncoding = 4; lastKnownFileType = text.plist.xml; name = "Smart Alert-Info.plist"; path = "Smart Alert/Smart Alert-Info.plist"; sourceTree = SOURCE_ROOT; };
		692C05C71791C7DF0082C2F4 /* Smart Alert-Prefix.pch */ = {isa = PBXFileReference; fileEncoding = 4; lastKnownFileType = sourcecode.c.h; name = "Smart Alert-Prefix.pch"; path = "Smart Alert/Smart Alert-Prefix.pch"; sourceTree = SOURCE_ROOT; };
		692C05D11791C8760082C2F4 /* en */ = {isa = PBXFileReference; lastKnownFileType = text.plist.strings; name = en; path = "Smart Alert/en.lproj/InfoPlist.strings"; sourceTree = SOURCE_ROOT; };
		692C05D41791C8830082C2F4 /* en */ = {isa = PBXFileReference; lastKnownFileType = file.storyboard; name = en; path = "Smart Alert/en.lproj/MainStoryboard.storyboard"; sourceTree = SOURCE_ROOT; };
/* End PBXFileReference section */

/* Begin PBXFrameworksBuildPhase section */
		690A96D8177E9CAF0025A94E /* Frameworks */ = {
			isa = PBXFrameworksBuildPhase;
			buildActionMask = 2147483647;
			files = (
				690A970E178000070025A94E /* QuartzCore.framework in Frameworks */,
				690A96DF177E9CAF0025A94E /* UIKit.framework in Frameworks */,
				690A96E1177E9CAF0025A94E /* Foundation.framework in Frameworks */,
				690A96E3177E9CAF0025A94E /* CoreGraphics.framework in Frameworks */,
			);
			runOnlyForDeploymentPostprocessing = 0;
		};
/* End PBXFrameworksBuildPhase section */

/* Begin PBXGroup section */
		690A96D2177E9CAF0025A94E = {
			isa = PBXGroup;
			children = (
				690A96E4177E9CAF0025A94E /* Smart Alert */,
				690A96DD177E9CAF0025A94E /* Frameworks */,
				690A96DC177E9CAF0025A94E /* Products */,
			);
			sourceTree = "<group>";
		};
		690A96DC177E9CAF0025A94E /* Products */ = {
			isa = PBXGroup;
			children = (
				690A96DB177E9CAF0025A94E /* Smart Alert.app */,
			);
			name = Products;
			sourceTree = "<group>";
		};
		690A96DD177E9CAF0025A94E /* Frameworks */ = {
			isa = PBXGroup;
			children = (
				690A970D178000070025A94E /* QuartzCore.framework */,
				690A96DE177E9CAF0025A94E /* UIKit.framework */,
				690A96E0177E9CAF0025A94E /* Foundation.framework */,
				690A96E2177E9CAF0025A94E /* CoreGraphics.framework */,
			);
			name = Frameworks;
			sourceTree = "<group>";
		};
		690A96E4177E9CAF0025A94E /* Smart Alert */ = {
			isa = PBXGroup;
			children = (
				69C855841788B9C100518F4B /* Images */,
				69628ABA178A5687004518A8 /* Delegates */,
				692C057E1791C6310082C2F4 /* Defaults copy.plist */,
				692C05D31791C8830082C2F4 /* MainStoryboard.storyboard */,
				692C057F1791C6310082C2F4 /* Defaults.plist */,
				69628AAE178A3EED004518A8 /* Custom Background */,
				69C499981780A25700A13787 /* View Controllers */,
				690A96E5177E9CAF0025A94E /* Supporting Files */,
			);
			name = "Smart Alert";
			path = "Quick Emergency";
			sourceTree = "<group>";
		};
		690A96E5177E9CAF0025A94E /* Supporting Files */ = {
			isa = PBXGroup;
			children = (
				692C05D01791C8760082C2F4 /* InfoPlist.strings */,
				692C05C21791C7DF0082C2F4 /* Default-568h@2x.png */,
				692C05C31791C7DF0082C2F4 /* Default.png */,
				692C05C41791C7DF0082C2F4 /* Default@2x.png */,
				692C05C51791C7DF0082C2F4 /* main.m */,
				692C05C61791C7DF0082C2F4 /* Smart Alert-Info.plist */,
				692C05C71791C7DF0082C2F4 /* Smart Alert-Prefix.pch */,
				690A96F0177E9CAF0025A94E /* Default.png */,
				690A96F2177E9CAF0025A94E /* Default@2x.png */,
				690A96F4177E9CAF0025A94E /* Default-568h@2x.png */,
			);
			name = "Supporting Files";
			sourceTree = "<group>";
		};
		69628AAE178A3EED004518A8 /* Custom Background */ = {
			isa = PBXGroup;
			children = (
				692C05B61791C7B90082C2F4 /* Common.h */,
				692C05B71791C7B90082C2F4 /* Common.m */,
				692C05B81791C7B90082C2F4 /* CustomCellBackground.h */,
				692C05B91791C7B90082C2F4 /* CustomCellBackground.m */,
				692C05BA1791C7B90082C2F4 /* CustomFooter.h */,
				692C05BB1791C7B90082C2F4 /* CustomFooter.m */,
				692C05BC1791C7B90082C2F4 /* CustomHeader.h */,
				692C05BD1791C7B90082C2F4 /* CustomHeader.m */,
			);
			name = "Custom Background";
			sourceTree = "<group>";
		};
		69628ABA178A5687004518A8 /* Delegates */ = {
			isa = PBXGroup;
			children = (
				692C05B31791C7A30082C2F4 /* AppDelegate.h */,
				692C05B41791C7A30082C2F4 /* AppDelegate.m */,
			);
			name = Delegates;
			sourceTree = "<group>";
		};
		69628ABE178A7704004518A8 /* Details */ = {
			isa = PBXGroup;
			children = (
				692C05961791C72D0082C2F4 /* MedicalDetailViewController.m */,
				692C05971791C72D0082C2F4 /* ICEDetailViewController.m */,
				692C05981791C72D0082C2F4 /* ICEDetailTableCell.m */,
				692C05991791C72D0082C2F4 /* ICEDetailTableCell.h */,
				692C059A1791C72D0082C2F4 /* ICEDetailViewController.h */,
				692C059B1791C72D0082C2F4 /* MedicalDetailViewController.h */,
			);
			name = Details;
			sourceTree = "<group>";
		};
		69C499981780A25700A13787 /* View Controllers */ = {
			isa = PBXGroup;
			children = (
				692C058A1791C6EC0082C2F4 /* MenuViewController.h */,
				692C058D1791C6EC0082C2F4 /* MenuViewController.m */,
				692C05901791C6EC0082C2F4 /* DetailViewController.h */,
				692C05911791C6EC0082C2F4 /* DetailViewController.m */,
				692C058E1791C6EC0082C2F4 /* SettingsViewController.m */,
				692C058F1791C6EC0082C2F4 /* SettingsViewController.h */,
				692C05841791C6650082C2F4 /* PersonalInfoViewController.m */,
				692C05851791C6650082C2F4 /* PersonalInfoViewController.h */,
				692C058B1791C6EC0082C2F4 /* ICEViewController.m */,
				692C058C1791C6EC0082C2F4 /* ICEViewController.h */,
				692C05821791C6650082C2F4 /* MedicalInfoViewController.m */,
				692C05831791C6650082C2F4 /* MedicalInfoViewController.h */,
				69628ABE178A7704004518A8 /* Details */,
			);
			name = "View Controllers";
			sourceTree = "<group>";
		};
		69C855841788B9C100518F4B /* Images */ = {
			isa = PBXGroup;
			children = (
				692C059F1791C7770082C2F4 /* EmergencyLoading.png */,
				692C05A01791C7770082C2F4 /* EmergencyLoading@2x.png */,
				692C05A11791C7770082C2F4 /* EmergencyLoading-568@2x.png */,
				692C05A21791C7770082C2F4 /* tableBackground.jpg */,
				692C05A31791C7770082C2F4 /* CalmBackground.png */,
				692C05A41791C7770082C2F4 /* CalmBackground@2x.png */,
				692C05A51791C7770082C2F4 /* CalmBackground-568@2x.png */,
				692C05A61791C7770082C2F4 /* Fire.png */,
				692C05A71791C7770082C2F4 /* Fire@2x.png */,
				692C05A81791C7770082C2F4 /* tab_bg.png */,
			);
			name = Images;
			sourceTree = "<group>";
		};
/* End PBXGroup section */

/* Begin PBXNativeTarget section */
		690A96DA177E9CAF0025A94E /* Smart Alert */ = {
			isa = PBXNativeTarget;
			buildConfigurationList = 690A96FE177E9CAF0025A94E /* Build configuration list for PBXNativeTarget "Smart Alert" */;
			buildPhases = (
				690A96D7177E9CAF0025A94E /* Sources */,
				690A96D8177E9CAF0025A94E /* Frameworks */,
				690A96D9177E9CAF0025A94E /* Resources */,
			);
			buildRules = (
			);
			dependencies = (
			);
			name = "Smart Alert";
			productName = "Quick Emergency";
			productReference = 690A96DB177E9CAF0025A94E /* Smart Alert.app */;
			productType = "com.apple.product-type.application";
		};
/* End PBXNativeTarget section */

/* Begin PBXProject section */
		690A96D3177E9CAF0025A94E /* Project object */ = {
			isa = PBXProject;
			attributes = {
				LastUpgradeCheck = 0460;
				ORGANIZATIONNAME = "TnT Development";
			};
			buildConfigurationList = 690A96D6177E9CAF0025A94E /* Build configuration list for PBXProject "Smart Alert" */;
			compatibilityVersion = "Xcode 3.2";
			developmentRegion = English;
			hasScannedForEncodings = 0;
			knownRegions = (
				en,
			);
			mainGroup = 690A96D2177E9CAF0025A94E;
			productRefGroup = 690A96DC177E9CAF0025A94E /* Products */;
			projectDirPath = "";
			projectRoot = "";
			targets = (
				690A96DA177E9CAF0025A94E /* Smart Alert */,
			);
		};
/* End PBXProject section */

/* Begin PBXResourcesBuildPhase section */
		690A96D9177E9CAF0025A94E /* Resources */ = {
			isa = PBXResourcesBuildPhase;
			buildActionMask = 2147483647;
			files = (
				690A96F1177E9CAF0025A94E /* Default.png in Resources */,
				690A96F3177E9CAF0025A94E /* Default@2x.png in Resources */,
				690A96F5177E9CAF0025A94E /* Default-568h@2x.png in Resources */,
				692C05801791C6310082C2F4 /* Defaults copy.plist in Resources */,
				692C05811791C6310082C2F4 /* Defaults.plist in Resources */,
				692C05A91791C7770082C2F4 /* EmergencyLoading.png in Resources */,
				692C05AA1791C7770082C2F4 /* EmergencyLoading@2x.png in Resources */,
				692C05AB1791C7770082C2F4 /* EmergencyLoading-568@2x.png in Resources */,
				692C05AC1791C7770082C2F4 /* tableBackground.jpg in Resources */,
				692C05AD1791C7770082C2F4 /* CalmBackground.png in Resources */,
				692C05AE1791C7770082C2F4 /* CalmBackground@2x.png in Resources */,
				692C05AF1791C7770082C2F4 /* CalmBackground-568@2x.png in Resources */,
				692C05B01791C7770082C2F4 /* Fire.png in Resources */,
				692C05B11791C7770082C2F4 /* Fire@2x.png in Resources */,
				692C05B21791C7770082C2F4 /* tab_bg.png in Resources */,
				692C05C81791C7DF0082C2F4 /* Default-568h@2x.png in Resources */,
				692C05C91791C7DF0082C2F4 /* Default.png in Resources */,
				692C05CA1791C7DF0082C2F4 /* Default@2x.png in Resources */,
				692C05CC1791C7DF0082C2F4 /* Smart Alert-Info.plist in Resources */,
				692C05D21791C8760082C2F4 /* InfoPlist.strings in Resources */,
				692C05D51791C8830082C2F4 /* MainStoryboard.storyboard in Resources */,
			);
			runOnlyForDeploymentPostprocessing = 0;
		};
/* End PBXResourcesBuildPhase section */

/* Begin PBXSourcesBuildPhase section */
		690A96D7177E9CAF0025A94E /* Sources */ = {
			isa = PBXSourcesBuildPhase;
			buildActionMask = 2147483647;
			files = (
				692C05871791C6650082C2F4 /* MedicalInfoViewController.m in Sources */,
				692C05881791C6650082C2F4 /* PersonalInfoViewController.m in Sources */,
				692C05921791C6EC0082C2F4 /* ICEViewController.m in Sources */,
				692C05931791C6EC0082C2F4 /* MenuViewController.m in Sources */,
				692C05941791C6EC0082C2F4 /* SettingsViewController.m in Sources */,
				692C05951791C6EC0082C2F4 /* DetailViewController.m in Sources */,
				692C059C1791C72D0082C2F4 /* MedicalDetailViewController.m in Sources */,
				692C059D1791C72D0082C2F4 /* ICEDetailViewController.m in Sources */,
				692C059E1791C72D0082C2F4 /* ICEDetailTableCell.m in Sources */,
				692C05B51791C7A30082C2F4 /* AppDelegate.m in Sources */,
				692C05BE1791C7B90082C2F4 /* Common.m in Sources */,
				692C05BF1791C7B90082C2F4 /* CustomCellBackground.m in Sources */,
				692C05C01791C7B90082C2F4 /* CustomFooter.m in Sources */,
				692C05C11791C7B90082C2F4 /* CustomHeader.m in Sources */,
				692C05CB1791C7DF0082C2F4 /* main.m in Sources */,
			);
			runOnlyForDeploymentPostprocessing = 0;
		};
/* End PBXSourcesBuildPhase section */

/* Begin PBXVariantGroup section */
		692C05D01791C8760082C2F4 /* InfoPlist.strings */ = {
			isa = PBXVariantGroup;
			children = (
				692C05D11791C8760082C2F4 /* en */,
			);
			name = InfoPlist.strings;
			sourceTree = "<group>";
		};
		692C05D31791C8830082C2F4 /* MainStoryboard.storyboard */ = {
			isa = PBXVariantGroup;
			children = (
				692C05D41791C8830082C2F4 /* en */,
			);
			name = MainStoryboard.storyboard;
			sourceTree = "<group>";
		};
/* End PBXVariantGroup section */

/* Begin XCBuildConfiguration section */
		690A96FC177E9CAF0025A94E /* Debug */ = {
			isa = XCBuildConfiguration;
			buildSettings = {
				ALWAYS_SEARCH_USER_PATHS = NO;
				CLANG_CXX_LANGUAGE_STANDARD = "gnu++0x";
				CLANG_CXX_LIBRARY = "libc++";
				CLANG_ENABLE_OBJC_ARC = YES;
				CLANG_WARN_CONSTANT_CONVERSION = YES;
				CLANG_WARN_EMPTY_BODY = YES;
				CLANG_WARN_ENUM_CONVERSION = YES;
				CLANG_WARN_INT_CONVERSION = YES;
				CLANG_WARN__DUPLICATE_METHOD_MATCH = YES;
				"CODE_SIGN_IDENTITY[sdk=iphoneos*]" = "iPhone Developer";
				COPY_PHASE_STRIP = NO;
				GCC_C_LANGUAGE_STANDARD = gnu99;
				GCC_DYNAMIC_NO_PIC = NO;
				GCC_OPTIMIZATION_LEVEL = 0;
				GCC_PREPROCESSOR_DEFINITIONS = (
					"DEBUG=1",
					"$(inherited)",
				);
				GCC_SYMBOLS_PRIVATE_EXTERN = NO;
				GCC_WARN_ABOUT_RETURN_TYPE = YES;
				GCC_WARN_UNINITIALIZED_AUTOS = YES;
				GCC_WARN_UNUSED_VARIABLE = YES;
				IPHONEOS_DEPLOYMENT_TARGET = 6.1;
				ONLY_ACTIVE_ARCH = YES;
				SDKROOT = iphoneos;
			};
			name = Debug;
		};
		690A96FD177E9CAF0025A94E /* Release */ = {
			isa = XCBuildConfiguration;
			buildSettings = {
				ALWAYS_SEARCH_USER_PATHS = NO;
				CLANG_CXX_LANGUAGE_STANDARD = "gnu++0x";
				CLANG_CXX_LIBRARY = "libc++";
				CLANG_ENABLE_OBJC_ARC = YES;
				CLANG_WARN_CONSTANT_CONVERSION = YES;
				CLANG_WARN_EMPTY_BODY = YES;
				CLANG_WARN_ENUM_CONVERSION = YES;
				CLANG_WARN_INT_CONVERSION = YES;
				CLANG_WARN__DUPLICATE_METHOD_MATCH = YES;
				"CODE_SIGN_IDENTITY[sdk=iphoneos*]" = "iPhone Developer";
				COPY_PHASE_STRIP = YES;
				GCC_C_LANGUAGE_STANDARD = gnu99;
				GCC_WARN_ABOUT_RETURN_TYPE = YES;
				GCC_WARN_UNINITIALIZED_AUTOS = YES;
				GCC_WARN_UNUSED_VARIABLE = YES;
				IPHONEOS_DEPLOYMENT_TARGET = 6.1;
				OTHER_CFLAGS = "-DNS_BLOCK_ASSERTIONS=1";
				SDKROOT = iphoneos;
				VALIDATE_PRODUCT = YES;
			};
			name = Release;
		};
		690A96FF177E9CAF0025A94E /* Debug */ = {
			isa = XCBuildConfiguration;
			buildSettings = {
				GCC_PRECOMPILE_PREFIX_HEADER = YES;
				GCC_PREFIX_HEADER = "Quick Emergency/Smart Alert-Prefix.pch";
				INFOPLIST_FILE = "Quick Emergency/Smart Alert-Info.plist";
				PRODUCT_NAME = "Smart Alert";
				WRAPPER_EXTENSION = app;
			};
			name = Debug;
		};
		690A9700177E9CAF0025A94E /* Release */ = {
			isa = XCBuildConfiguration;
			buildSettings = {
				GCC_PRECOMPILE_PREFIX_HEADER = YES;
				GCC_PREFIX_HEADER = "Quick Emergency/Smart Alert-Prefix.pch";
				INFOPLIST_FILE = "Quick Emergency/Smart Alert-Info.plist";
				PRODUCT_NAME = "Smart Alert";
				WRAPPER_EXTENSION = app;
			};
			name = Release;
		};
/* End XCBuildConfiguration section */

/* Begin XCConfigurationList section */
		690A96D6177E9CAF0025A94E /* Build configuration list for PBXProject "Smart Alert" */ = {
			isa = XCConfigurationList;
			buildConfigurations = (
				690A96FC177E9CAF0025A94E /* Debug */,
				690A96FD177E9CAF0025A94E /* Release */,
			);
			defaultConfigurationIsVisible = 0;
			defaultConfigurationName = Release;
		};
		690A96FE177E9CAF0025A94E /* Build configuration list for PBXNativeTarget "Smart Alert" */ = {
			isa = XCConfigurationList;
			buildConfigurations = (
				690A96FF177E9CAF0025A94E /* Debug */,
				690A9700177E9CAF0025A94E /* Release */,
			);
			defaultConfigurationIsVisible = 0;
			defaultConfigurationName = Release;
		};
/* End XCConfigurationList section */
	};
	rootObject = 690A96D3177E9CAF0025A94E /* Project object */;
}
