// !$*UTF8*$!
{
	archiveVersion = 1;
	classes = {
	};
	objectVersion = 46;
	objects = {

/* Begin PBXBuildFile section */
		69413215176EA67F0081D67F /* RMSwipeTableViewCell.m in Sources */ = {isa = PBXBuildFile; fileRef = 69413214176EA67F0081D67F /* RMSwipeTableViewCell.m */; };
		69413220176EB9560081D67F /* CheckmarkGreen.png in Resources */ = {isa = PBXBuildFile; fileRef = 69413216176EB9560081D67F /* CheckmarkGreen.png */; };
		69413221176EB9560081D67F /* CheckmarkGreen@2x.png in Resources */ = {isa = PBXBuildFile; fileRef = 69413217176EB9560081D67F /* CheckmarkGreen@2x.png */; };
		69413222176EB9560081D67F /* CheckmarkGrey.png in Resources */ = {isa = PBXBuildFile; fileRef = 69413218176EB9560081D67F /* CheckmarkGrey.png */; };
		69413223176EB9560081D67F /* CheckmarkGrey@2x.png in Resources */ = {isa = PBXBuildFile; fileRef = 69413219176EB9560081D67F /* CheckmarkGrey@2x.png */; };
		69413224176EB9560081D67F /* CheckmarkProfileImage.png in Resources */ = {isa = PBXBuildFile; fileRef = 6941321A176EB9560081D67F /* CheckmarkProfileImage.png */; };
		69413225176EB9560081D67F /* CheckmarkProfileImage@2x.png in Resources */ = {isa = PBXBuildFile; fileRef = 6941321B176EB9560081D67F /* CheckmarkProfileImage@2x.png */; };
		69413226176EB9560081D67F /* DeleteGrey.png in Resources */ = {isa = PBXBuildFile; fileRef = 6941321C176EB9560081D67F /* DeleteGrey.png */; };
		69413227176EB9560081D67F /* DeleteGrey@2x.png in Resources */ = {isa = PBXBuildFile; fileRef = 6941321D176EB9560081D67F /* DeleteGrey@2x.png */; };
		69413228176EB9560081D67F /* DeleteRed.png in Resources */ = {isa = PBXBuildFile; fileRef = 6941321E176EB9560081D67F /* DeleteRed.png */; };
		69413229176EB9560081D67F /* DeleteRed@2x.png in Resources */ = {isa = PBXBuildFile; fileRef = 6941321F176EB9560081D67F /* DeleteRed@2x.png */; };
		698F9717176D6718007E3C76 /* UIKit.framework in Frameworks */ = {isa = PBXBuildFile; fileRef = 698F9716176D6718007E3C76 /* UIKit.framework */; };
		698F9719176D6718007E3C76 /* Foundation.framework in Frameworks */ = {isa = PBXBuildFile; fileRef = 698F9718176D6718007E3C76 /* Foundation.framework */; };
		698F971B176D6718007E3C76 /* CoreGraphics.framework in Frameworks */ = {isa = PBXBuildFile; fileRef = 698F971A176D6718007E3C76 /* CoreGraphics.framework */; };
		698F9721176D6718007E3C76 /* InfoPlist.strings in Resources */ = {isa = PBXBuildFile; fileRef = 698F971F176D6718007E3C76 /* InfoPlist.strings */; };
		698F9723176D6718007E3C76 /* main.m in Sources */ = {isa = PBXBuildFile; fileRef = 698F9722176D6718007E3C76 /* main.m */; };
		698F9727176D6718007E3C76 /* AppDelegate.m in Sources */ = {isa = PBXBuildFile; fileRef = 698F9726176D6718007E3C76 /* AppDelegate.m */; };
		698F9729176D6718007E3C76 /* Default.png in Resources */ = {isa = PBXBuildFile; fileRef = 698F9728176D6718007E3C76 /* Default.png */; };
		698F972B176D6718007E3C76 /* Default@2x.png in Resources */ = {isa = PBXBuildFile; fileRef = 698F972A176D6718007E3C76 /* Default@2x.png */; };
		698F972D176D6718007E3C76 /* Default-568h@2x.png in Resources */ = {isa = PBXBuildFile; fileRef = 698F972C176D6718007E3C76 /* Default-568h@2x.png */; };
		698F9730176D6718007E3C76 /* MainStoryboard.storyboard in Resources */ = {isa = PBXBuildFile; fileRef = 698F972E176D6718007E3C76 /* MainStoryboard.storyboard */; };
		698F973E176D67DD007E3C76 /* MainMenuViewController.m in Sources */ = {isa = PBXBuildFile; fileRef = 698F973D176D67DD007E3C76 /* MainMenuViewController.m */; };
		698F9744176D68AD007E3C76 /* DetailViewController.m in Sources */ = {isa = PBXBuildFile; fileRef = 698F9743176D68AD007E3C76 /* DetailViewController.m */; };
		698F9747176D68D1007E3C76 /* MainViewController.m in Sources */ = {isa = PBXBuildFile; fileRef = 698F9746176D68D1007E3C76 /* MainViewController.m */; };
		698F974B176D691C007E3C76 /* FavoritesViewController.m in Sources */ = {isa = PBXBuildFile; fileRef = 698F974A176D691C007E3C76 /* FavoritesViewController.m */; };
		698F974E176D6945007E3C76 /* CustomCell.m in Sources */ = {isa = PBXBuildFile; fileRef = 698F974D176D6945007E3C76 /* CustomCell.m */; };
		698F9751176D695A007E3C76 /* FavoritesCustomCell.m in Sources */ = {isa = PBXBuildFile; fileRef = 698F9750176D695A007E3C76 /* FavoritesCustomCell.m */; };
		698F9753176D6990007E3C76 /* QuartzCore.framework in Frameworks */ = {isa = PBXBuildFile; fileRef = 698F9752176D6990007E3C76 /* QuartzCore.framework */; };
		698F9759176D7DB2007E3C76 /* Favorites.plist in Resources */ = {isa = PBXBuildFile; fileRef = 698F9758176D7DB2007E3C76 /* Favorites.plist */; };
		698F975B176D8760007E3C76 /* ConverterInformation.plist in Resources */ = {isa = PBXBuildFile; fileRef = 698F975A176D8760007E3C76 /* ConverterInformation.plist */; };
/* End PBXBuildFile section */

/* Begin PBXFileReference section */
		69413213176EA67F0081D67F /* RMSwipeTableViewCell.h */ = {isa = PBXFileReference; fileEncoding = 4; lastKnownFileType = sourcecode.c.h; path = RMSwipeTableViewCell.h; sourceTree = "<group>"; };
		69413214176EA67F0081D67F /* RMSwipeTableViewCell.m */ = {isa = PBXFileReference; fileEncoding = 4; lastKnownFileType = sourcecode.c.objc; path = RMSwipeTableViewCell.m; sourceTree = "<group>"; };
		69413216176EB9560081D67F /* CheckmarkGreen.png */ = {isa = PBXFileReference; lastKnownFileType = image.png; path = CheckmarkGreen.png; sourceTree = "<group>"; };
		69413217176EB9560081D67F /* CheckmarkGreen@2x.png */ = {isa = PBXFileReference; lastKnownFileType = image.png; path = "CheckmarkGreen@2x.png"; sourceTree = "<group>"; };
		69413218176EB9560081D67F /* CheckmarkGrey.png */ = {isa = PBXFileReference; lastKnownFileType = image.png; path = CheckmarkGrey.png; sourceTree = "<group>"; };
		69413219176EB9560081D67F /* CheckmarkGrey@2x.png */ = {isa = PBXFileReference; lastKnownFileType = image.png; path = "CheckmarkGrey@2x.png"; sourceTree = "<group>"; };
		6941321A176EB9560081D67F /* CheckmarkProfileImage.png */ = {isa = PBXFileReference; lastKnownFileType = image.png; path = CheckmarkProfileImage.png; sourceTree = "<group>"; };
		6941321B176EB9560081D67F /* CheckmarkProfileImage@2x.png */ = {isa = PBXFileReference; lastKnownFileType = image.png; path = "CheckmarkProfileImage@2x.png"; sourceTree = "<group>"; };
		6941321C176EB9560081D67F /* DeleteGrey.png */ = {isa = PBXFileReference; lastKnownFileType = image.png; path = DeleteGrey.png; sourceTree = "<group>"; };
		6941321D176EB9560081D67F /* DeleteGrey@2x.png */ = {isa = PBXFileReference; lastKnownFileType = image.png; path = "DeleteGrey@2x.png"; sourceTree = "<group>"; };
		6941321E176EB9560081D67F /* DeleteRed.png */ = {isa = PBXFileReference; lastKnownFileType = image.png; path = DeleteRed.png; sourceTree = "<group>"; };
		6941321F176EB9560081D67F /* DeleteRed@2x.png */ = {isa = PBXFileReference; lastKnownFileType = image.png; path = "DeleteRed@2x.png"; sourceTree = "<group>"; };
		698F9713176D6718007E3C76 /* Menu Based Application.app */ = {isa = PBXFileReference; explicitFileType = wrapper.application; includeInIndex = 0; path = "Menu Based Application.app"; sourceTree = BUILT_PRODUCTS_DIR; };
		698F9716176D6718007E3C76 /* UIKit.framework */ = {isa = PBXFileReference; lastKnownFileType = wrapper.framework; name = UIKit.framework; path = System/Library/Frameworks/UIKit.framework; sourceTree = SDKROOT; };
		698F9718176D6718007E3C76 /* Foundation.framework */ = {isa = PBXFileReference; lastKnownFileType = wrapper.framework; name = Foundation.framework; path = System/Library/Frameworks/Foundation.framework; sourceTree = SDKROOT; };
		698F971A176D6718007E3C76 /* CoreGraphics.framework */ = {isa = PBXFileReference; lastKnownFileType = wrapper.framework; name = CoreGraphics.framework; path = System/Library/Frameworks/CoreGraphics.framework; sourceTree = SDKROOT; };
		698F971E176D6718007E3C76 /* Menu Based Application-Info.plist */ = {isa = PBXFileReference; lastKnownFileType = text.plist.xml; path = "Menu Based Application-Info.plist"; sourceTree = "<group>"; };
		698F9720176D6718007E3C76 /* en */ = {isa = PBXFileReference; lastKnownFileType = text.plist.strings; name = en; path = en.lproj/InfoPlist.strings; sourceTree = "<group>"; };
		698F9722176D6718007E3C76 /* main.m */ = {isa = PBXFileReference; lastKnownFileType = sourcecode.c.objc; path = main.m; sourceTree = "<group>"; };
		698F9724176D6718007E3C76 /* Menu Based Application-Prefix.pch */ = {isa = PBXFileReference; lastKnownFileType = sourcecode.c.h; path = "Menu Based Application-Prefix.pch"; sourceTree = "<group>"; };
		698F9725176D6718007E3C76 /* AppDelegate.h */ = {isa = PBXFileReference; lastKnownFileType = sourcecode.c.h; path = AppDelegate.h; sourceTree = "<group>"; };
		698F9726176D6718007E3C76 /* AppDelegate.m */ = {isa = PBXFileReference; lastKnownFileType = sourcecode.c.objc; path = AppDelegate.m; sourceTree = "<group>"; };
		698F9728176D6718007E3C76 /* Default.png */ = {isa = PBXFileReference; lastKnownFileType = image.png; path = Default.png; sourceTree = "<group>"; };
		698F972A176D6718007E3C76 /* Default@2x.png */ = {isa = PBXFileReference; lastKnownFileType = image.png; path = "Default@2x.png"; sourceTree = "<group>"; };
		698F972C176D6718007E3C76 /* Default-568h@2x.png */ = {isa = PBXFileReference; lastKnownFileType = image.png; path = "Default-568h@2x.png"; sourceTree = "<group>"; };
		698F972F176D6718007E3C76 /* en */ = {isa = PBXFileReference; lastKnownFileType = file.storyboard; name = en; path = en.lproj/MainStoryboard.storyboard; sourceTree = "<group>"; };
		698F973C176D67DD007E3C76 /* MainMenuViewController.h */ = {isa = PBXFileReference; fileEncoding = 4; lastKnownFileType = sourcecode.c.h; path = MainMenuViewController.h; sourceTree = "<group>"; };
		698F973D176D67DD007E3C76 /* MainMenuViewController.m */ = {isa = PBXFileReference; fileEncoding = 4; lastKnownFileType = sourcecode.c.objc; path = MainMenuViewController.m; sourceTree = "<group>"; };
		698F9742176D68AD007E3C76 /* DetailViewController.h */ = {isa = PBXFileReference; fileEncoding = 4; lastKnownFileType = sourcecode.c.h; name = DetailViewController.h; path = ../DetailViewController.h; sourceTree = "<group>"; };
		698F9743176D68AD007E3C76 /* DetailViewController.m */ = {isa = PBXFileReference; fileEncoding = 4; lastKnownFileType = sourcecode.c.objc; name = DetailViewController.m; path = ../DetailViewController.m; sourceTree = "<group>"; };
		698F9745176D68D1007E3C76 /* MainViewController.h */ = {isa = PBXFileReference; fileEncoding = 4; lastKnownFileType = sourcecode.c.h; path = MainViewController.h; sourceTree = "<group>"; };
		698F9746176D68D1007E3C76 /* MainViewController.m */ = {isa = PBXFileReference; fileEncoding = 4; lastKnownFileType = sourcecode.c.objc; path = MainViewController.m; sourceTree = "<group>"; };
		698F9749176D691C007E3C76 /* FavoritesViewController.h */ = {isa = PBXFileReference; fileEncoding = 4; lastKnownFileType = sourcecode.c.h; path = FavoritesViewController.h; sourceTree = "<group>"; };
		698F974A176D691C007E3C76 /* FavoritesViewController.m */ = {isa = PBXFileReference; fileEncoding = 4; lastKnownFileType = sourcecode.c.objc; path = FavoritesViewController.m; sourceTree = "<group>"; };
		698F974C176D6945007E3C76 /* CustomCell.h */ = {isa = PBXFileReference; fileEncoding = 4; lastKnownFileType = sourcecode.c.h; path = CustomCell.h; sourceTree = "<group>"; };
		698F974D176D6945007E3C76 /* CustomCell.m */ = {isa = PBXFileReference; fileEncoding = 4; lastKnownFileType = sourcecode.c.objc; path = CustomCell.m; sourceTree = "<group>"; };
		698F974F176D695A007E3C76 /* FavoritesCustomCell.h */ = {isa = PBXFileReference; fileEncoding = 4; lastKnownFileType = sourcecode.c.h; path = FavoritesCustomCell.h; sourceTree = "<group>"; };
		698F9750176D695A007E3C76 /* FavoritesCustomCell.m */ = {isa = PBXFileReference; fileEncoding = 4; lastKnownFileType = sourcecode.c.objc; path = FavoritesCustomCell.m; sourceTree = "<group>"; };
		698F9752176D6990007E3C76 /* QuartzCore.framework */ = {isa = PBXFileReference; lastKnownFileType = wrapper.framework; name = QuartzCore.framework; path = System/Library/Frameworks/QuartzCore.framework; sourceTree = SDKROOT; };
		698F9758176D7DB2007E3C76 /* Favorites.plist */ = {isa = PBXFileReference; fileEncoding = 4; lastKnownFileType = text.plist.xml; path = Favorites.plist; sourceTree = "<group>"; };
		698F975A176D8760007E3C76 /* ConverterInformation.plist */ = {isa = PBXFileReference; fileEncoding = 4; lastKnownFileType = text.plist.xml; path = ConverterInformation.plist; sourceTree = "<group>"; };
/* End PBXFileReference section */

/* Begin PBXFrameworksBuildPhase section */
		698F9710176D6718007E3C76 /* Frameworks */ = {
			isa = PBXFrameworksBuildPhase;
			buildActionMask = 2147483647;
			files = (
				698F9753176D6990007E3C76 /* QuartzCore.framework in Frameworks */,
				698F9717176D6718007E3C76 /* UIKit.framework in Frameworks */,
				698F9719176D6718007E3C76 /* Foundation.framework in Frameworks */,
				698F971B176D6718007E3C76 /* CoreGraphics.framework in Frameworks */,
			);
			runOnlyForDeploymentPostprocessing = 0;
		};
/* End PBXFrameworksBuildPhase section */

/* Begin PBXGroup section */
		6941322A176EB95E0081D67F /* Images */ = {
			isa = PBXGroup;
			children = (
				69413216176EB9560081D67F /* CheckmarkGreen.png */,
				69413217176EB9560081D67F /* CheckmarkGreen@2x.png */,
				69413218176EB9560081D67F /* CheckmarkGrey.png */,
				69413219176EB9560081D67F /* CheckmarkGrey@2x.png */,
				6941321A176EB9560081D67F /* CheckmarkProfileImage.png */,
				6941321B176EB9560081D67F /* CheckmarkProfileImage@2x.png */,
				6941321C176EB9560081D67F /* DeleteGrey.png */,
				6941321D176EB9560081D67F /* DeleteGrey@2x.png */,
				6941321E176EB9560081D67F /* DeleteRed.png */,
				6941321F176EB9560081D67F /* DeleteRed@2x.png */,
			);
			name = Images;
			sourceTree = "<group>";
		};
		698F970A176D6718007E3C76 = {
			isa = PBXGroup;
			children = (
				698F971C176D6718007E3C76 /* Menu Based Application */,
				698F9715176D6718007E3C76 /* Frameworks */,
				698F9714176D6718007E3C76 /* Products */,
			);
			sourceTree = "<group>";
		};
		698F9714176D6718007E3C76 /* Products */ = {
			isa = PBXGroup;
			children = (
				698F9713176D6718007E3C76 /* Menu Based Application.app */,
			);
			name = Products;
			sourceTree = "<group>";
		};
		698F9715176D6718007E3C76 /* Frameworks */ = {
			isa = PBXGroup;
			children = (
				698F9752176D6990007E3C76 /* QuartzCore.framework */,
				698F9716176D6718007E3C76 /* UIKit.framework */,
				698F9718176D6718007E3C76 /* Foundation.framework */,
				698F971A176D6718007E3C76 /* CoreGraphics.framework */,
			);
			name = Frameworks;
			sourceTree = "<group>";
		};
		698F971C176D6718007E3C76 /* Menu Based Application */ = {
			isa = PBXGroup;
			children = (
				698F9748176D68E9007E3C76 /* Custom Cells */,
				698F9740176D686F007E3C76 /* View Controllers */,
				698F973F176D681B007E3C76 /* Delegate */,
				698F972E176D6718007E3C76 /* MainStoryboard.storyboard */,
				698F971D176D6718007E3C76 /* Supporting Files */,
			);
			path = "Menu Based Application";
			sourceTree = "<group>";
		};
		698F971D176D6718007E3C76 /* Supporting Files */ = {
			isa = PBXGroup;
			children = (
				6941322A176EB95E0081D67F /* Images */,
				698F975A176D8760007E3C76 /* ConverterInformation.plist */,
				698F9758176D7DB2007E3C76 /* Favorites.plist */,
				698F971E176D6718007E3C76 /* Menu Based Application-Info.plist */,
				698F971F176D6718007E3C76 /* InfoPlist.strings */,
				698F9722176D6718007E3C76 /* main.m */,
				698F9724176D6718007E3C76 /* Menu Based Application-Prefix.pch */,
				698F9728176D6718007E3C76 /* Default.png */,
				698F972A176D6718007E3C76 /* Default@2x.png */,
				698F972C176D6718007E3C76 /* Default-568h@2x.png */,
			);
			name = "Supporting Files";
			sourceTree = "<group>";
		};
		698F973F176D681B007E3C76 /* Delegate */ = {
			isa = PBXGroup;
			children = (
				698F9725176D6718007E3C76 /* AppDelegate.h */,
				698F9726176D6718007E3C76 /* AppDelegate.m */,
			);
			name = Delegate;
			sourceTree = "<group>";
		};
		698F9740176D686F007E3C76 /* View Controllers */ = {
			isa = PBXGroup;
			children = (
				698F9742176D68AD007E3C76 /* DetailViewController.h */,
				698F9743176D68AD007E3C76 /* DetailViewController.m */,
				698F973C176D67DD007E3C76 /* MainMenuViewController.h */,
				698F973D176D67DD007E3C76 /* MainMenuViewController.m */,
				698F9745176D68D1007E3C76 /* MainViewController.h */,
				698F9746176D68D1007E3C76 /* MainViewController.m */,
				698F9749176D691C007E3C76 /* FavoritesViewController.h */,
				698F974A176D691C007E3C76 /* FavoritesViewController.m */,
			);
			name = "View Controllers";
			sourceTree = "<group>";
		};
		698F9748176D68E9007E3C76 /* Custom Cells */ = {
			isa = PBXGroup;
			children = (
				69413213176EA67F0081D67F /* RMSwipeTableViewCell.h */,
				69413214176EA67F0081D67F /* RMSwipeTableViewCell.m */,
				698F974C176D6945007E3C76 /* CustomCell.h */,
				698F974D176D6945007E3C76 /* CustomCell.m */,
				698F974F176D695A007E3C76 /* FavoritesCustomCell.h */,
				698F9750176D695A007E3C76 /* FavoritesCustomCell.m */,
			);
			name = "Custom Cells";
			sourceTree = "<group>";
		};
/* End PBXGroup section */

/* Begin PBXNativeTarget section */
		698F9712176D6718007E3C76 /* Menu Based Application */ = {
			isa = PBXNativeTarget;
			buildConfigurationList = 698F9736176D6718007E3C76 /* Build configuration list for PBXNativeTarget "Menu Based Application" */;
			buildPhases = (
				698F970F176D6718007E3C76 /* Sources */,
				698F9710176D6718007E3C76 /* Frameworks */,
				698F9711176D6718007E3C76 /* Resources */,
			);
			buildRules = (
			);
			dependencies = (
			);
			name = "Menu Based Application";
			productName = "Menu Based Application";
			productReference = 698F9713176D6718007E3C76 /* Menu Based Application.app */;
			productType = "com.apple.product-type.application";
		};
/* End PBXNativeTarget section */

/* Begin PBXProject section */
		698F970B176D6718007E3C76 /* Project object */ = {
			isa = PBXProject;
			attributes = {
				LastUpgradeCheck = 0460;
				ORGANIZATIONNAME = "TnT Development";
			};
			buildConfigurationList = 698F970E176D6718007E3C76 /* Build configuration list for PBXProject "Menu Based Application" */;
			compatibilityVersion = "Xcode 3.2";
			developmentRegion = English;
			hasScannedForEncodings = 0;
			knownRegions = (
				en,
			);
			mainGroup = 698F970A176D6718007E3C76;
			productRefGroup = 698F9714176D6718007E3C76 /* Products */;
			projectDirPath = "";
			projectRoot = "";
			targets = (
				698F9712176D6718007E3C76 /* Menu Based Application */,
			);
		};
/* End PBXProject section */

/* Begin PBXResourcesBuildPhase section */
		698F9711176D6718007E3C76 /* Resources */ = {
			isa = PBXResourcesBuildPhase;
			buildActionMask = 2147483647;
			files = (
				698F9721176D6718007E3C76 /* InfoPlist.strings in Resources */,
				698F9729176D6718007E3C76 /* Default.png in Resources */,
				698F972B176D6718007E3C76 /* Default@2x.png in Resources */,
				698F972D176D6718007E3C76 /* Default-568h@2x.png in Resources */,
				698F9730176D6718007E3C76 /* MainStoryboard.storyboard in Resources */,
				698F9759176D7DB2007E3C76 /* Favorites.plist in Resources */,
				698F975B176D8760007E3C76 /* ConverterInformation.plist in Resources */,
				69413220176EB9560081D67F /* CheckmarkGreen.png in Resources */,
				69413221176EB9560081D67F /* CheckmarkGreen@2x.png in Resources */,
				69413222176EB9560081D67F /* CheckmarkGrey.png in Resources */,
				69413223176EB9560081D67F /* CheckmarkGrey@2x.png in Resources */,
				69413224176EB9560081D67F /* CheckmarkProfileImage.png in Resources */,
				69413225176EB9560081D67F /* CheckmarkProfileImage@2x.png in Resources */,
				69413226176EB9560081D67F /* DeleteGrey.png in Resources */,
				69413227176EB9560081D67F /* DeleteGrey@2x.png in Resources */,
				69413228176EB9560081D67F /* DeleteRed.png in Resources */,
				69413229176EB9560081D67F /* DeleteRed@2x.png in Resources */,
			);
			runOnlyForDeploymentPostprocessing = 0;
		};
/* End PBXResourcesBuildPhase section */

/* Begin PBXSourcesBuildPhase section */
		698F970F176D6718007E3C76 /* Sources */ = {
			isa = PBXSourcesBuildPhase;
			buildActionMask = 2147483647;
			files = (
				698F9723176D6718007E3C76 /* main.m in Sources */,
				698F9727176D6718007E3C76 /* AppDelegate.m in Sources */,
				698F973E176D67DD007E3C76 /* MainMenuViewController.m in Sources */,
				698F9744176D68AD007E3C76 /* DetailViewController.m in Sources */,
				698F9747176D68D1007E3C76 /* MainViewController.m in Sources */,
				698F974B176D691C007E3C76 /* FavoritesViewController.m in Sources */,
				698F974E176D6945007E3C76 /* CustomCell.m in Sources */,
				698F9751176D695A007E3C76 /* FavoritesCustomCell.m in Sources */,
				69413215176EA67F0081D67F /* RMSwipeTableViewCell.m in Sources */,
			);
			runOnlyForDeploymentPostprocessing = 0;
		};
/* End PBXSourcesBuildPhase section */

/* Begin PBXVariantGroup section */
		698F971F176D6718007E3C76 /* InfoPlist.strings */ = {
			isa = PBXVariantGroup;
			children = (
				698F9720176D6718007E3C76 /* en */,
			);
			name = InfoPlist.strings;
			sourceTree = "<group>";
		};
		698F972E176D6718007E3C76 /* MainStoryboard.storyboard */ = {
			isa = PBXVariantGroup;
			children = (
				698F972F176D6718007E3C76 /* en */,
			);
			name = MainStoryboard.storyboard;
			sourceTree = "<group>";
		};
/* End PBXVariantGroup section */

/* Begin XCBuildConfiguration section */
		698F9734176D6718007E3C76 /* Debug */ = {
			isa = XCBuildConfiguration;
			buildSettings = {
				ALWAYS_SEARCH_USER_PATHS = NO;
				CLANG_CXX_LANGUAGE_STANDARD = "gnu++0x";
				CLANG_CXX_LIBRARY = "libc++";
				CLANG_ENABLE_OBJC_ARC = YES;
				CLANG_WARN_CONSTANT_CONVERSION = YES;
				CLANG_WARN_EMPTY_BODY = YES;
				CLANG_WARN_ENUM_CONVERSION = YES;
				CLANG_WARN_INT_CONVERSION = YES;
				CLANG_WARN__DUPLICATE_METHOD_MATCH = YES;
				"CODE_SIGN_IDENTITY[sdk=iphoneos*]" = "iPhone Developer";
				COPY_PHASE_STRIP = NO;
				GCC_C_LANGUAGE_STANDARD = gnu99;
				GCC_DYNAMIC_NO_PIC = NO;
				GCC_OPTIMIZATION_LEVEL = 0;
				GCC_PREPROCESSOR_DEFINITIONS = (
					"DEBUG=1",
					"$(inherited)",
				);
				GCC_SYMBOLS_PRIVATE_EXTERN = NO;
				GCC_WARN_ABOUT_RETURN_TYPE = YES;
				GCC_WARN_UNINITIALIZED_AUTOS = YES;
				GCC_WARN_UNUSED_VARIABLE = YES;
				IPHONEOS_DEPLOYMENT_TARGET = 6.1;
				ONLY_ACTIVE_ARCH = YES;
				SDKROOT = iphoneos;
			};
			name = Debug;
		};
		698F9735176D6718007E3C76 /* Release */ = {
			isa = XCBuildConfiguration;
			buildSettings = {
				ALWAYS_SEARCH_USER_PATHS = NO;
				CLANG_CXX_LANGUAGE_STANDARD = "gnu++0x";
				CLANG_CXX_LIBRARY = "libc++";
				CLANG_ENABLE_OBJC_ARC = YES;
				CLANG_WARN_CONSTANT_CONVERSION = YES;
				CLANG_WARN_EMPTY_BODY = YES;
				CLANG_WARN_ENUM_CONVERSION = YES;
				CLANG_WARN_INT_CONVERSION = YES;
				CLANG_WARN__DUPLICATE_METHOD_MATCH = YES;
				"CODE_SIGN_IDENTITY[sdk=iphoneos*]" = "iPhone Developer";
				COPY_PHASE_STRIP = YES;
				GCC_C_LANGUAGE_STANDARD = gnu99;
				GCC_WARN_ABOUT_RETURN_TYPE = YES;
				GCC_WARN_UNINITIALIZED_AUTOS = YES;
				GCC_WARN_UNUSED_VARIABLE = YES;
				IPHONEOS_DEPLOYMENT_TARGET = 6.1;
				OTHER_CFLAGS = "-DNS_BLOCK_ASSERTIONS=1";
				SDKROOT = iphoneos;
				VALIDATE_PRODUCT = YES;
			};
			name = Release;
		};
		698F9737176D6718007E3C76 /* Debug */ = {
			isa = XCBuildConfiguration;
			buildSettings = {
				GCC_PRECOMPILE_PREFIX_HEADER = YES;
				GCC_PREFIX_HEADER = "Menu Based Application/Menu Based Application-Prefix.pch";
				INFOPLIST_FILE = "Menu Based Application/Menu Based Application-Info.plist";
				PRODUCT_NAME = "$(TARGET_NAME)";
				WRAPPER_EXTENSION = app;
			};
			name = Debug;
		};
		698F9738176D6718007E3C76 /* Release */ = {
			isa = XCBuildConfiguration;
			buildSettings = {
				GCC_PRECOMPILE_PREFIX_HEADER = YES;
				GCC_PREFIX_HEADER = "Menu Based Application/Menu Based Application-Prefix.pch";
				INFOPLIST_FILE = "Menu Based Application/Menu Based Application-Info.plist";
				PRODUCT_NAME = "$(TARGET_NAME)";
				WRAPPER_EXTENSION = app;
			};
			name = Release;
		};
/* End XCBuildConfiguration section */

/* Begin XCConfigurationList section */
		698F970E176D6718007E3C76 /* Build configuration list for PBXProject "Menu Based Application" */ = {
			isa = XCConfigurationList;
			buildConfigurations = (
				698F9734176D6718007E3C76 /* Debug */,
				698F9735176D6718007E3C76 /* Release */,
			);
			defaultConfigurationIsVisible = 0;
			defaultConfigurationName = Release;
		};
		698F9736176D6718007E3C76 /* Build configuration list for PBXNativeTarget "Menu Based Application" */ = {
			isa = XCConfigurationList;
			buildConfigurations = (
				698F9737176D6718007E3C76 /* Debug */,
				698F9738176D6718007E3C76 /* Release */,
			);
			defaultConfigurationIsVisible = 0;
			defaultConfigurationName = Release;
		};
/* End XCConfigurationList section */
	};
	rootObject = 698F970B176D6718007E3C76 /* Project object */;
}
