// !$*UTF8*$!
{
	archiveVersion = 1;
	classes = {
	};
	objectVersion = 46;
	objects = {

/* Begin PBXBuildFile section */
		69EA10C618E5B3B700464962 /* main.cpp in Sources */ = {isa = PBXBuildFile; fileRef = 69EA10C518E5B3B700464962 /* main.cpp */; };
		69EA10C818E5B3B700464962 /* ImageConversion.1 in CopyFiles */ = {isa = PBXBuildFile; fileRef = 69EA10C718E5B3B700464962 /* ImageConversion.1 */; };
/* End PBXBuildFile section */

/* Begin PBXCopyFilesBuildPhase section */
		69EA10C018E5B3B700464962 /* CopyFiles */ = {
			isa = PBXCopyFilesBuildPhase;
			buildActionMask = 2147483647;
			dstPath = /usr/share/man/man1/;
			dstSubfolderSpec = 0;
			files = (
				69EA10C818E5B3B700464962 /* ImageConversion.1 in CopyFiles */,
			);
			runOnlyForDeploymentPostprocessing = 1;
		};
/* End PBXCopyFilesBuildPhase section */

/* Begin PBXFileReference section */
		69EA10C218E5B3B700464962 /* ImageConversion */ = {isa = PBXFileReference; explicitFileType = "compiled.mach-o.executable"; includeInIndex = 0; path = ImageConversion; sourceTree = BUILT_PRODUCTS_DIR; };
		69EA10C518E5B3B700464962 /* main.cpp */ = {isa = PBXFileReference; lastKnownFileType = sourcecode.cpp.cpp; path = main.cpp; sourceTree = "<group>"; };
		69EA10C718E5B3B700464962 /* ImageConversion.1 */ = {isa = PBXFileReference; lastKnownFileType = text.man; path = ImageConversion.1; sourceTree = "<group>"; };
/* End PBXFileReference section */

/* Begin PBXFrameworksBuildPhase section */
		69EA10BF18E5B3B700464962 /* Frameworks */ = {
			isa = PBXFrameworksBuildPhase;
			buildActionMask = 2147483647;
			files = (
			);
			runOnlyForDeploymentPostprocessing = 0;
		};
/* End PBXFrameworksBuildPhase section */

/* Begin PBXGroup section */
		69EA10B918E5B3B700464962 = {
			isa = PBXGroup;
			children = (
				69EA10C418E5B3B700464962 /* ImageConversion */,
				69EA10C318E5B3B700464962 /* Products */,
			);
			sourceTree = "<group>";
		};
		69EA10C318E5B3B700464962 /* Products */ = {
			isa = PBXGroup;
			children = (
				69EA10C218E5B3B700464962 /* ImageConversion */,
			);
			name = Products;
			sourceTree = "<group>";
		};
		69EA10C418E5B3B700464962 /* ImageConversion */ = {
			isa = PBXGroup;
			children = (
				69EA10C518E5B3B700464962 /* main.cpp */,
				69EA10C718E5B3B700464962 /* ImageConversion.1 */,
			);
			path = ImageConversion;
			sourceTree = "<group>";
		};
/* End PBXGroup section */

/* Begin PBXNativeTarget section */
		69EA10C118E5B3B700464962 /* ImageConversion */ = {
			isa = PBXNativeTarget;
			buildConfigurationList = 69EA10CB18E5B3B700464962 /* Build configuration list for PBXNativeTarget "ImageConversion" */;
			buildPhases = (
				69EA10BE18E5B3B700464962 /* Sources */,
				69EA10BF18E5B3B700464962 /* Frameworks */,
				69EA10C018E5B3B700464962 /* CopyFiles */,
			);
			buildRules = (
			);
			dependencies = (
			);
			name = ImageConversion;
			productName = ImageConversion;
			productReference = 69EA10C218E5B3B700464962 /* ImageConversion */;
			productType = "com.apple.product-type.tool";
		};
/* End PBXNativeTarget section */

/* Begin PBXProject section */
		69EA10BA18E5B3B700464962 /* Project object */ = {
			isa = PBXProject;
			attributes = {
				LastUpgradeCheck = 0510;
				ORGANIZATIONNAME = "Paul Wilson";
			};
			buildConfigurationList = 69EA10BD18E5B3B700464962 /* Build configuration list for PBXProject "ImageConversion" */;
			compatibilityVersion = "Xcode 3.2";
			developmentRegion = English;
			hasScannedForEncodings = 0;
			knownRegions = (
				en,
			);
			mainGroup = 69EA10B918E5B3B700464962;
			productRefGroup = 69EA10C318E5B3B700464962 /* Products */;
			projectDirPath = "";
			projectRoot = "";
			targets = (
				69EA10C118E5B3B700464962 /* ImageConversion */,
			);
		};
/* End PBXProject section */

/* Begin PBXSourcesBuildPhase section */
		69EA10BE18E5B3B700464962 /* Sources */ = {
			isa = PBXSourcesBuildPhase;
			buildActionMask = 2147483647;
			files = (
				69EA10C618E5B3B700464962 /* main.cpp in Sources */,
			);
			runOnlyForDeploymentPostprocessing = 0;
		};
/* End PBXSourcesBuildPhase section */

/* Begin XCBuildConfiguration section */
		69EA10C918E5B3B700464962 /* Debug */ = {
			isa = XCBuildConfiguration;
			buildSettings = {
				ALWAYS_SEARCH_USER_PATHS = NO;
				CLANG_CXX_LANGUAGE_STANDARD = "gnu++0x";
				CLANG_CXX_LIBRARY = "libc++";
				CLANG_ENABLE_MODULES = YES;
				CLANG_ENABLE_OBJC_ARC = YES;
				CLANG_WARN_BOOL_CONVERSION = YES;
				CLANG_WARN_CONSTANT_CONVERSION = YES;
				CLANG_WARN_DIRECT_OBJC_ISA_USAGE = YES_ERROR;
				CLANG_WARN_EMPTY_BODY = YES;
				CLANG_WARN_ENUM_CONVERSION = YES;
				CLANG_WARN_INT_CONVERSION = YES;
				CLANG_WARN_OBJC_ROOT_CLASS = YES_ERROR;
				CLANG_WARN__DUPLICATE_METHOD_MATCH = YES;
				COPY_PHASE_STRIP = NO;
				GCC_C_LANGUAGE_STANDARD = gnu99;
				GCC_DYNAMIC_NO_PIC = NO;
				GCC_ENABLE_OBJC_EXCEPTIONS = YES;
				GCC_OPTIMIZATION_LEVEL = 0;
				GCC_PREPROCESSOR_DEFINITIONS = (
					"DEBUG=1",
					"$(inherited)",
				);
				GCC_SYMBOLS_PRIVATE_EXTERN = NO;
				GCC_WARN_64_TO_32_BIT_CONVERSION = YES;
				GCC_WARN_ABOUT_RETURN_TYPE = YES_ERROR;
				GCC_WARN_UNDECLARED_SELECTOR = YES;
				GCC_WARN_UNINITIALIZED_AUTOS = YES_AGGRESSIVE;
				GCC_WARN_UNUSED_FUNCTION = YES;
				GCC_WARN_UNUSED_VARIABLE = YES;
				MACOSX_DEPLOYMENT_TARGET = 10.9;
				ONLY_ACTIVE_ARCH = YES;
				SDKROOT = macosx;
			};
			name = Debug;
		};
		69EA10CA18E5B3B700464962 /* Release */ = {
			isa = XCBuildConfiguration;
			buildSettings = {
				ALWAYS_SEARCH_USER_PATHS = NO;
				CLANG_CXX_LANGUAGE_STANDARD = "gnu++0x";
				CLANG_CXX_LIBRARY = "libc++";
				CLANG_ENABLE_MODULES = YES;
				CLANG_ENABLE_OBJC_ARC = YES;
				CLANG_WARN_BOOL_CONVERSION = YES;
				CLANG_WARN_CONSTANT_CONVERSION = YES;
				CLANG_WARN_DIRECT_OBJC_ISA_USAGE = YES_ERROR;
				CLANG_WARN_EMPTY_BODY = YES;
				CLANG_WARN_ENUM_CONVERSION = YES;
				CLANG_WARN_INT_CONVERSION = YES;
				CLANG_WARN_OBJC_ROOT_CLASS = YES_ERROR;
				CLANG_WARN__DUPLICATE_METHOD_MATCH = YES;
				COPY_PHASE_STRIP = YES;
				DEBUG_INFORMATION_FORMAT = "dwarf-with-dsym";
				ENABLE_NS_ASSERTIONS = NO;
				GCC_C_LANGUAGE_STANDARD = gnu99;
				GCC_ENABLE_OBJC_EXCEPTIONS = YES;
				GCC_WARN_64_TO_32_BIT_CONVERSION = YES;
				GCC_WARN_ABOUT_RETURN_TYPE = YES_ERROR;
				GCC_WARN_UNDECLARED_SELECTOR = YES;
				GCC_WARN_UNINITIALIZED_AUTOS = YES_AGGRESSIVE;
				GCC_WARN_UNUSED_FUNCTION = YES;
				GCC_WARN_UNUSED_VARIABLE = YES;
				MACOSX_DEPLOYMENT_TARGET = 10.9;
				SDKROOT = macosx;
			};
			name = Release;
		};
		69EA10CC18E5B3B700464962 /* Debug */ = {
			isa = XCBuildConfiguration;
			buildSettings = {
				PRODUCT_NAME = "$(TARGET_NAME)";
			};
			name = Debug;
		};
		69EA10CD18E5B3B700464962 /* Release */ = {
			isa = XCBuildConfiguration;
			buildSettings = {
				PRODUCT_NAME = "$(TARGET_NAME)";
			};
			name = Release;
		};
/* End XCBuildConfiguration section */

/* Begin XCConfigurationList section */
		69EA10BD18E5B3B700464962 /* Build configuration list for PBXProject "ImageConversion" */ = {
			isa = XCConfigurationList;
			buildConfigurations = (
				69EA10C918E5B3B700464962 /* Debug */,
				69EA10CA18E5B3B700464962 /* Release */,
			);
			defaultConfigurationIsVisible = 0;
			defaultConfigurationName = Release;
		};
		69EA10CB18E5B3B700464962 /* Build configuration list for PBXNativeTarget "ImageConversion" */ = {
			isa = XCConfigurationList;
			buildConfigurations = (
				69EA10CC18E5B3B700464962 /* Debug */,
				69EA10CD18E5B3B700464962 /* Release */,
			);
			defaultConfigurationIsVisible = 0;
		};
/* End XCConfigurationList section */
	};
	rootObject = 69EA10BA18E5B3B700464962 /* Project object */;
}
